
Microsoft Visual Studio Solution File, Format Version 12.00
# Visual Studio Version 17
VisualStudioVersion = 17.0.32014.148
MinimumVisualStudioVersion = 10.0.40219.1
Project("{FAE04EC0-301F-11D3-BF4B-00C04F79EFBC}") = "170222_KelimeTahminOyunu", "170222_KelimeTahminOyunu\170222_KelimeTahminOyunu.csproj", "{07600195-1115-43EE-A3D1-74F1D8CD9C19}"
EndProject
Global
	GlobalSection(SolutionConfigurationPlatforms) = preSolution
		Debug|Any CPU = Debug|Any CPU
		Release|Any CPU = Release|Any CPU
	EndGlobalSection
	GlobalSection(ProjectConfigurationPlatforms) = postSolution
		{07600195-1115-43EE-A3D1-74F1D8CD9C19}.Debug|Any CPU.ActiveCfg = Debug|Any CPU
		{07600195-1115-43EE-A3D1-74F1D8CD9C19}.Debug|Any CPU.Build.0 = Debug|Any CPU
		{07600195-1115-43EE-A3D1-74F1D8CD9C19}.Release|Any CPU.ActiveCfg = Release|Any CPU
		{07600195-1115-43EE-A3D1-74F1D8CD9C19}.Release|Any CPU.Build.0 = Release|Any CPU
	EndGlobalSection
	GlobalSection(SolutionProperties) = preSolution
		HideSolutionNode = FALSE
	EndGlobalSection
	GlobalSection(ExtensibilityGlobals) = postSolution
		SolutionGuid = {40C1DB5E-58F0-48B3-A0BC-42CF0DD24EC7}
	EndGlobalSection
EndGlobal
